
Microsoft Visual Studio Solution File, Format Version 12.00
# Visual Studio 15
VisualStudioVersion = 15.0.26430.6
MinimumVisualStudioVersion = 10.0.40219.1
Project("{FAE04EC0-301F-11D3-BF4B-00C04F79EFBC}") = "DataDepositer", "DataDepositer\DataDepositer.csproj", "{6FD74D76-F9D1-4087-ACF9-96A52FBBD419}"
EndProject
Project("{FAE04EC0-301F-11D3-BF4B-00C04F79EFBC}") = "UnitTestDataDepositor", "UnitTestDataDepositor\UnitTestDataDepositor.csproj", "{D6281B1F-29FB-4423-BB2D-1241DA1A749B}"
EndProject
Project("{FAE04EC0-301F-11D3-BF4B-00C04F79EFBC}") = "RudiconNetwork", "RudiconNetwork\RudiconNetwork.csproj", "{EDDEA6E8-3F57-4BCC-B3DA-A54EBE12CC46}"
EndProject
Project("{FAE04EC0-301F-11D3-BF4B-00C04F79EFBC}") = "SpeachTest", "SpeachTest\SpeachTest.csproj", "{CA24C5A2-F899-4E9F-B035-FEF6014C2CC0}"
EndProject
Project("{FAE04EC0-301F-11D3-BF4B-00C04F79EFBC}") = "SpeachTestConsole", "SpeachTestConsole\SpeachTestConsole.csproj", "{4504A0A7-3B15-4D18-A1B0-A8EE17D85CF1}"
EndProject
Project("{FAE04EC0-301F-11D3-BF4B-00C04F79EFBC}") = "P2P", "P2P\P2P.csproj", "{7328289A-0C6F-46D8-96D1-3D0DE36AE2A4}"
EndProject
Project("{FAE04EC0-301F-11D3-BF4B-00C04F79EFBC}") = "BackgroundWorkerTest", "BackgroundWorkerTest\BackgroundWorkerTest.csproj", "{932C361C-F8A6-4D5E-AEAD-9361CE4E80E9}"
EndProject
Project("{FAE04EC0-301F-11D3-BF4B-00C04F79EFBC}") = "UDPClientTest", "UDPClientTest\UDPClientTest.csproj", "{372E418A-672A-4EE1-A27C-08DEDAF381B8}"
EndProject
Project("{FAE04EC0-301F-11D3-BF4B-00C04F79EFBC}") = "TCPClientTest", "TCPClientTest\TCPClientTest.csproj", "{3D54C72A-AB36-4102-8D75-A7EA6B86D873}"
EndProject
Project("{FAE04EC0-301F-11D3-BF4B-00C04F79EFBC}") = "TCPServerTest", "TCPServerTest\TCPServerTest.csproj", "{DBC38182-8E64-41E7-B685-D87FD4B0D31E}"
EndProject
Project("{FAE04EC0-301F-11D3-BF4B-00C04F79EFBC}") = "P2PFileTest", "P2PFileTest\P2PFileTest.csproj", "{F0BBD914-7159-4C4B-817E-0EF0A78E60C0}"
EndProject
Project("{FAE04EC0-301F-11D3-BF4B-00C04F79EFBC}") = "CopyForTest", "CopyForTest\CopyForTest.csproj", "{D88ED34B-71A3-40C3-A2E8-99E9B6381AEE}"
EndProject
Global
	GlobalSection(SolutionConfigurationPlatforms) = preSolution
		Debug|Any CPU = Debug|Any CPU
		Debug|x86 = Debug|x86
		Release|Any CPU = Release|Any CPU
		Release|x86 = Release|x86
	EndGlobalSection
	GlobalSection(ProjectConfigurationPlatforms) = postSolution
		{6FD74D76-F9D1-4087-ACF9-96A52FBBD419}.Debug|Any CPU.ActiveCfg = Debug|Any CPU
		{6FD74D76-F9D1-4087-ACF9-96A52FBBD419}.Debug|Any CPU.Build.0 = Debug|Any CPU
		{6FD74D76-F9D1-4087-ACF9-96A52FBBD419}.Debug|x86.ActiveCfg = Debug|Any CPU
		{6FD74D76-F9D1-4087-ACF9-96A52FBBD419}.Debug|x86.Build.0 = Debug|Any CPU
		{6FD74D76-F9D1-4087-ACF9-96A52FBBD419}.Release|Any CPU.ActiveCfg = Release|Any CPU
		{6FD74D76-F9D1-4087-ACF9-96A52FBBD419}.Release|Any CPU.Build.0 = Release|Any CPU
		{6FD74D76-F9D1-4087-ACF9-96A52FBBD419}.Release|x86.ActiveCfg = Release|Any CPU
		{6FD74D76-F9D1-4087-ACF9-96A52FBBD419}.Release|x86.Build.0 = Release|Any CPU
		{D6281B1F-29FB-4423-BB2D-1241DA1A749B}.Debug|Any CPU.ActiveCfg = Debug|Any CPU
		{D6281B1F-29FB-4423-BB2D-1241DA1A749B}.Debug|Any CPU.Build.0 = Debug|Any CPU
		{D6281B1F-29FB-4423-BB2D-1241DA1A749B}.Debug|x86.ActiveCfg = Debug|Any CPU
		{D6281B1F-29FB-4423-BB2D-1241DA1A749B}.Debug|x86.Build.0 = Debug|Any CPU
		{D6281B1F-29FB-4423-BB2D-1241DA1A749B}.Release|Any CPU.ActiveCfg = Release|Any CPU
		{D6281B1F-29FB-4423-BB2D-1241DA1A749B}.Release|Any CPU.Build.0 = Release|Any CPU
		{D6281B1F-29FB-4423-BB2D-1241DA1A749B}.Release|x86.ActiveCfg = Release|Any CPU
		{D6281B1F-29FB-4423-BB2D-1241DA1A749B}.Release|x86.Build.0 = Release|Any CPU
		{EDDEA6E8-3F57-4BCC-B3DA-A54EBE12CC46}.Debug|Any CPU.ActiveCfg = Debug|Any CPU
		{EDDEA6E8-3F57-4BCC-B3DA-A54EBE12CC46}.Debug|Any CPU.Build.0 = Debug|Any CPU
		{EDDEA6E8-3F57-4BCC-B3DA-A54EBE12CC46}.Debug|x86.ActiveCfg = Debug|Any CPU
		{EDDEA6E8-3F57-4BCC-B3DA-A54EBE12CC46}.Debug|x86.Build.0 = Debug|Any CPU
		{EDDEA6E8-3F57-4BCC-B3DA-A54EBE12CC46}.Release|Any CPU.ActiveCfg = Release|Any CPU
		{EDDEA6E8-3F57-4BCC-B3DA-A54EBE12CC46}.Release|Any CPU.Build.0 = Release|Any CPU
		{EDDEA6E8-3F57-4BCC-B3DA-A54EBE12CC46}.Release|x86.ActiveCfg = Release|Any CPU
		{EDDEA6E8-3F57-4BCC-B3DA-A54EBE12CC46}.Release|x86.Build.0 = Release|Any CPU
		{CA24C5A2-F899-4E9F-B035-FEF6014C2CC0}.Debug|Any CPU.ActiveCfg = Debug|Any CPU
		{CA24C5A2-F899-4E9F-B035-FEF6014C2CC0}.Debug|Any CPU.Build.0 = Debug|Any CPU
		{CA24C5A2-F899-4E9F-B035-FEF6014C2CC0}.Debug|x86.ActiveCfg = Debug|Any CPU
		{CA24C5A2-F899-4E9F-B035-FEF6014C2CC0}.Debug|x86.Build.0 = Debug|Any CPU
		{CA24C5A2-F899-4E9F-B035-FEF6014C2CC0}.Release|Any CPU.ActiveCfg = Release|Any CPU
		{CA24C5A2-F899-4E9F-B035-FEF6014C2CC0}.Release|Any CPU.Build.0 = Release|Any CPU
		{CA24C5A2-F899-4E9F-B035-FEF6014C2CC0}.Release|x86.ActiveCfg = Release|Any CPU
		{CA24C5A2-F899-4E9F-B035-FEF6014C2CC0}.Release|x86.Build.0 = Release|Any CPU
		{4504A0A7-3B15-4D18-A1B0-A8EE17D85CF1}.Debug|Any CPU.ActiveCfg = Debug|Any CPU
		{4504A0A7-3B15-4D18-A1B0-A8EE17D85CF1}.Debug|Any CPU.Build.0 = Debug|Any CPU
		{4504A0A7-3B15-4D18-A1B0-A8EE17D85CF1}.Debug|x86.ActiveCfg = Debug|Any CPU
		{4504A0A7-3B15-4D18-A1B0-A8EE17D85CF1}.Debug|x86.Build.0 = Debug|Any CPU
		{4504A0A7-3B15-4D18-A1B0-A8EE17D85CF1}.Release|Any CPU.ActiveCfg = Release|Any CPU
		{4504A0A7-3B15-4D18-A1B0-A8EE17D85CF1}.Release|Any CPU.Build.0 = Release|Any CPU
		{4504A0A7-3B15-4D18-A1B0-A8EE17D85CF1}.Release|x86.ActiveCfg = Release|Any CPU
		{4504A0A7-3B15-4D18-A1B0-A8EE17D85CF1}.Release|x86.Build.0 = Release|Any CPU
		{7328289A-0C6F-46D8-96D1-3D0DE36AE2A4}.Debug|Any CPU.ActiveCfg = Debug|Any CPU
		{7328289A-0C6F-46D8-96D1-3D0DE36AE2A4}.Debug|Any CPU.Build.0 = Debug|Any CPU
		{7328289A-0C6F-46D8-96D1-3D0DE36AE2A4}.Debug|x86.ActiveCfg = Debug|Any CPU
		{7328289A-0C6F-46D8-96D1-3D0DE36AE2A4}.Debug|x86.Build.0 = Debug|Any CPU
		{7328289A-0C6F-46D8-96D1-3D0DE36AE2A4}.Release|Any CPU.ActiveCfg = Release|Any CPU
		{7328289A-0C6F-46D8-96D1-3D0DE36AE2A4}.Release|Any CPU.Build.0 = Release|Any CPU
		{7328289A-0C6F-46D8-96D1-3D0DE36AE2A4}.Release|x86.ActiveCfg = Release|Any CPU
		{7328289A-0C6F-46D8-96D1-3D0DE36AE2A4}.Release|x86.Build.0 = Release|Any CPU
		{932C361C-F8A6-4D5E-AEAD-9361CE4E80E9}.Debug|Any CPU.ActiveCfg = Debug|Any CPU
		{932C361C-F8A6-4D5E-AEAD-9361CE4E80E9}.Debug|Any CPU.Build.0 = Debug|Any CPU
		{932C361C-F8A6-4D5E-AEAD-9361CE4E80E9}.Debug|x86.ActiveCfg = Debug|Any CPU
		{932C361C-F8A6-4D5E-AEAD-9361CE4E80E9}.Debug|x86.Build.0 = Debug|Any CPU
		{932C361C-F8A6-4D5E-AEAD-9361CE4E80E9}.Release|Any CPU.ActiveCfg = Release|Any CPU
		{932C361C-F8A6-4D5E-AEAD-9361CE4E80E9}.Release|Any CPU.Build.0 = Release|Any CPU
		{932C361C-F8A6-4D5E-AEAD-9361CE4E80E9}.Release|x86.ActiveCfg = Release|Any CPU
		{932C361C-F8A6-4D5E-AEAD-9361CE4E80E9}.Release|x86.Build.0 = Release|Any CPU
		{372E418A-672A-4EE1-A27C-08DEDAF381B8}.Debug|Any CPU.ActiveCfg = Debug|Any CPU
		{372E418A-672A-4EE1-A27C-08DEDAF381B8}.Debug|Any CPU.Build.0 = Debug|Any CPU
		{372E418A-672A-4EE1-A27C-08DEDAF381B8}.Debug|x86.ActiveCfg = Debug|Any CPU
		{372E418A-672A-4EE1-A27C-08DEDAF381B8}.Debug|x86.Build.0 = Debug|Any CPU
		{372E418A-672A-4EE1-A27C-08DEDAF381B8}.Release|Any CPU.ActiveCfg = Release|Any CPU
		{372E418A-672A-4EE1-A27C-08DEDAF381B8}.Release|Any CPU.Build.0 = Release|Any CPU
		{372E418A-672A-4EE1-A27C-08DEDAF381B8}.Release|x86.ActiveCfg = Release|Any CPU
		{372E418A-672A-4EE1-A27C-08DEDAF381B8}.Release|x86.Build.0 = Release|Any CPU
		{3D54C72A-AB36-4102-8D75-A7EA6B86D873}.Debug|Any CPU.ActiveCfg = Debug|Any CPU
		{3D54C72A-AB36-4102-8D75-A7EA6B86D873}.Debug|Any CPU.Build.0 = Debug|Any CPU
		{3D54C72A-AB36-4102-8D75-A7EA6B86D873}.Debug|x86.ActiveCfg = Debug|Any CPU
		{3D54C72A-AB36-4102-8D75-A7EA6B86D873}.Debug|x86.Build.0 = Debug|Any CPU
		{3D54C72A-AB36-4102-8D75-A7EA6B86D873}.Release|Any CPU.ActiveCfg = Release|Any CPU
		{3D54C72A-AB36-4102-8D75-A7EA6B86D873}.Release|Any CPU.Build.0 = Release|Any CPU
		{3D54C72A-AB36-4102-8D75-A7EA6B86D873}.Release|x86.ActiveCfg = Release|Any CPU
		{3D54C72A-AB36-4102-8D75-A7EA6B86D873}.Release|x86.Build.0 = Release|Any CPU
		{DBC38182-8E64-41E7-B685-D87FD4B0D31E}.Debug|Any CPU.ActiveCfg = Debug|Any CPU
		{DBC38182-8E64-41E7-B685-D87FD4B0D31E}.Debug|Any CPU.Build.0 = Debug|Any CPU
		{DBC38182-8E64-41E7-B685-D87FD4B0D31E}.Debug|x86.ActiveCfg = Debug|Any CPU
		{DBC38182-8E64-41E7-B685-D87FD4B0D31E}.Debug|x86.Build.0 = Debug|Any CPU
		{DBC38182-8E64-41E7-B685-D87FD4B0D31E}.Release|Any CPU.ActiveCfg = Release|Any CPU
		{DBC38182-8E64-41E7-B685-D87FD4B0D31E}.Release|Any CPU.Build.0 = Release|Any CPU
		{DBC38182-8E64-41E7-B685-D87FD4B0D31E}.Release|x86.ActiveCfg = Release|Any CPU
		{DBC38182-8E64-41E7-B685-D87FD4B0D31E}.Release|x86.Build.0 = Release|Any CPU
		{F0BBD914-7159-4C4B-817E-0EF0A78E60C0}.Debug|Any CPU.ActiveCfg = Debug|Any CPU
		{F0BBD914-7159-4C4B-817E-0EF0A78E60C0}.Debug|Any CPU.Build.0 = Debug|Any CPU
		{F0BBD914-7159-4C4B-817E-0EF0A78E60C0}.Debug|x86.ActiveCfg = Debug|Any CPU
		{F0BBD914-7159-4C4B-817E-0EF0A78E60C0}.Debug|x86.Build.0 = Debug|Any CPU
		{F0BBD914-7159-4C4B-817E-0EF0A78E60C0}.Release|Any CPU.ActiveCfg = Release|Any CPU
		{F0BBD914-7159-4C4B-817E-0EF0A78E60C0}.Release|Any CPU.Build.0 = Release|Any CPU
		{F0BBD914-7159-4C4B-817E-0EF0A78E60C0}.Release|x86.ActiveCfg = Release|Any CPU
		{F0BBD914-7159-4C4B-817E-0EF0A78E60C0}.Release|x86.Build.0 = Release|Any CPU
		{D88ED34B-71A3-40C3-A2E8-99E9B6381AEE}.Debug|Any CPU.ActiveCfg = Debug|Any CPU
		{D88ED34B-71A3-40C3-A2E8-99E9B6381AEE}.Debug|Any CPU.Build.0 = Debug|Any CPU
		{D88ED34B-71A3-40C3-A2E8-99E9B6381AEE}.Debug|x86.ActiveCfg = Debug|Any CPU
		{D88ED34B-71A3-40C3-A2E8-99E9B6381AEE}.Debug|x86.Build.0 = Debug|Any CPU
		{D88ED34B-71A3-40C3-A2E8-99E9B6381AEE}.Release|Any CPU.ActiveCfg = Release|Any CPU
		{D88ED34B-71A3-40C3-A2E8-99E9B6381AEE}.Release|Any CPU.Build.0 = Release|Any CPU
		{D88ED34B-71A3-40C3-A2E8-99E9B6381AEE}.Release|x86.ActiveCfg = Release|Any CPU
		{D88ED34B-71A3-40C3-A2E8-99E9B6381AEE}.Release|x86.Build.0 = Release|Any CPU
	EndGlobalSection
	GlobalSection(SolutionProperties) = preSolution
		HideSolutionNode = FALSE
	EndGlobalSection
EndGlobal
