
Microsoft Visual Studio Solution File, Format Version 12.00
# Visual Studio 15
VisualStudioVersion = 15.0.26430.6
MinimumVisualStudioVersion = 10.0.40219.1
Project("{FAE04EC0-301F-11D3-BF4B-00C04F79EFBC}") = "DataDepositer", "DataDepositer\DataDepositer.csproj", "{6FD74D76-F9D1-4087-ACF9-96A52FBBD419}"
EndProject
Project("{FAE04EC0-301F-11D3-BF4B-00C04F79EFBC}") = "UnitTestDataDepositor", "UnitTestDataDepositor\UnitTestDataDepositor.csproj", "{D6281B1F-29FB-4423-BB2D-1241DA1A749B}"
EndProject
Project("{FAE04EC0-301F-11D3-BF4B-00C04F79EFBC}") = "RudiconNetwork", "RudiconNetwork\RudiconNetwork.csproj", "{EDDEA6E8-3F57-4BCC-B3DA-A54EBE12CC46}"
EndProject
Project("{FAE04EC0-301F-11D3-BF4B-00C04F79EFBC}") = "SpeachTest", "SpeachTest\SpeachTest.csproj", "{CA24C5A2-F899-4E9F-B035-FEF6014C2CC0}"
EndProject
Project("{FAE04EC0-301F-11D3-BF4B-00C04F79EFBC}") = "SpeachTestConsole", "SpeachTestConsole\SpeachTestConsole.csproj", "{4504A0A7-3B15-4D18-A1B0-A8EE17D85CF1}"
EndProject
Global
	GlobalSection(SolutionConfigurationPlatforms) = preSolution
		Debug|Any CPU = Debug|Any CPU
		Release|Any CPU = Release|Any CPU
	EndGlobalSection
	GlobalSection(ProjectConfigurationPlatforms) = postSolution
		{6FD74D76-F9D1-4087-ACF9-96A52FBBD419}.Debug|Any CPU.ActiveCfg = Debug|Any CPU
		{6FD74D76-F9D1-4087-ACF9-96A52FBBD419}.Debug|Any CPU.Build.0 = Debug|Any CPU
		{6FD74D76-F9D1-4087-ACF9-96A52FBBD419}.Release|Any CPU.ActiveCfg = Release|Any CPU
		{6FD74D76-F9D1-4087-ACF9-96A52FBBD419}.Release|Any CPU.Build.0 = Release|Any CPU
		{D6281B1F-29FB-4423-BB2D-1241DA1A749B}.Debug|Any CPU.ActiveCfg = Debug|Any CPU
		{D6281B1F-29FB-4423-BB2D-1241DA1A749B}.Debug|Any CPU.Build.0 = Debug|Any CPU
		{D6281B1F-29FB-4423-BB2D-1241DA1A749B}.Release|Any CPU.ActiveCfg = Release|Any CPU
		{D6281B1F-29FB-4423-BB2D-1241DA1A749B}.Release|Any CPU.Build.0 = Release|Any CPU
		{EDDEA6E8-3F57-4BCC-B3DA-A54EBE12CC46}.Debug|Any CPU.ActiveCfg = Debug|Any CPU
		{EDDEA6E8-3F57-4BCC-B3DA-A54EBE12CC46}.Debug|Any CPU.Build.0 = Debug|Any CPU
		{EDDEA6E8-3F57-4BCC-B3DA-A54EBE12CC46}.Release|Any CPU.ActiveCfg = Release|Any CPU
		{EDDEA6E8-3F57-4BCC-B3DA-A54EBE12CC46}.Release|Any CPU.Build.0 = Release|Any CPU
		{CA24C5A2-F899-4E9F-B035-FEF6014C2CC0}.Debug|Any CPU.ActiveCfg = Debug|Any CPU
		{CA24C5A2-F899-4E9F-B035-FEF6014C2CC0}.Debug|Any CPU.Build.0 = Debug|Any CPU
		{CA24C5A2-F899-4E9F-B035-FEF6014C2CC0}.Release|Any CPU.ActiveCfg = Release|Any CPU
		{CA24C5A2-F899-4E9F-B035-FEF6014C2CC0}.Release|Any CPU.Build.0 = Release|Any CPU
		{4504A0A7-3B15-4D18-A1B0-A8EE17D85CF1}.Debug|Any CPU.ActiveCfg = Debug|Any CPU
		{4504A0A7-3B15-4D18-A1B0-A8EE17D85CF1}.Debug|Any CPU.Build.0 = Debug|Any CPU
		{4504A0A7-3B15-4D18-A1B0-A8EE17D85CF1}.Release|Any CPU.ActiveCfg = Release|Any CPU
		{4504A0A7-3B15-4D18-A1B0-A8EE17D85CF1}.Release|Any CPU.Build.0 = Release|Any CPU
	EndGlobalSection
	GlobalSection(SolutionProperties) = preSolution
		HideSolutionNode = FALSE
	EndGlobalSection
EndGlobal
